
Microsoft Visual Studio Solution File, Format Version 12.00
# Visual Studio Version 16
VisualStudioVersion = 16.0.30002.166
MinimumVisualStudioVersion = 10.0.40219.1
Project("{9A19103F-16F7-4668-BE54-9A1E7A4F7556}") = "Meetup_Project", "Meetup_Project\Meetup_Project.csproj", "{AE1D7E82-128A-4817-8F3D-E60C80CCA7EB}"
EndProject
Project("{FAE04EC0-301F-11D3-BF4B-00C04F79EFBC}") = "Meetup_Project.Test", "Meetup_Project.Test\Meetup_Project.Test.csproj", "{8803F6FC-9C2E-41F5-9BA5-DC9F8629CE73}"
EndProject
Global
	GlobalSection(SolutionConfigurationPlatforms) = preSolution
		Debug|Any CPU = Debug|Any CPU
		Release|Any CPU = Release|Any CPU
	EndGlobalSection
	GlobalSection(ProjectConfigurationPlatforms) = postSolution
		{AE1D7E82-128A-4817-8F3D-E60C80CCA7EB}.Debug|Any CPU.ActiveCfg = Debug|Any CPU
		{AE1D7E82-128A-4817-8F3D-E60C80CCA7EB}.Debug|Any CPU.Build.0 = Debug|Any CPU
		{AE1D7E82-128A-4817-8F3D-E60C80CCA7EB}.Release|Any CPU.ActiveCfg = Release|Any CPU
		{AE1D7E82-128A-4817-8F3D-E60C80CCA7EB}.Release|Any CPU.Build.0 = Release|Any CPU
		{8803F6FC-9C2E-41F5-9BA5-DC9F8629CE73}.Debug|Any CPU.ActiveCfg = Debug|Any CPU
		{8803F6FC-9C2E-41F5-9BA5-DC9F8629CE73}.Debug|Any CPU.Build.0 = Debug|Any CPU
		{8803F6FC-9C2E-41F5-9BA5-DC9F8629CE73}.Release|Any CPU.ActiveCfg = Release|Any CPU
		{8803F6FC-9C2E-41F5-9BA5-DC9F8629CE73}.Release|Any CPU.Build.0 = Release|Any CPU
	EndGlobalSection
	GlobalSection(SolutionProperties) = preSolution
		HideSolutionNode = FALSE
	EndGlobalSection
	GlobalSection(ExtensibilityGlobals) = postSolution
		SolutionGuid = {31561868-316E-4BCA-959E-C31992B859DB}
	EndGlobalSection
EndGlobal
